
Microsoft Visual Studio Solution File, Format Version 12.00
# Visual Studio Version 16
VisualStudioVersion = 16.0.31424.327
MinimumVisualStudioVersion = 10.0.40219.1
Project("{2150E333-8FDC-42A3-9474-1A3956D46DE8}") = "Tests", "Tests", "{B7027C3F-ECBB-42CB-928F-F982832F9869}"
EndProject
Project("{2150E333-8FDC-42A3-9474-1A3956D46DE8}") = "Models", "Models", "{50AF57B9-F3BE-48CC-91D8-4E919C8D045F}"
EndProject
Project("{9A19103F-16F7-4668-BE54-9A1E7A4F7556}") = "KrugerNationalPark", "Models\KrugerNationalPark\KrugerNationalPark.csproj", "{C20AEDEC-A256-4AD0-A513-8ACD3139C9C2}"
EndProject
Project("{9A19103F-16F7-4668-BE54-9A1E7A4F7556}") = "KrugerNationalParkBox", "Scenarios\KrugerNationalParkBox\KrugerNationalParkBox.csproj", "{A4389E80-8A52-4BA6-A688-A91C523300C6}"
EndProject
Project("{2150E333-8FDC-42A3-9474-1A3956D46DE8}") = "Scenarios", "Scenarios", "{EEF1A345-88E8-4E13-AD17-E760BA7DEB6A}"
EndProject
Project("{FAE04EC0-301F-11D3-BF4B-00C04F79EFBC}") = "KrugerNationalParkTests", "Models\KrugerNationalParkTests\KrugerNationalParkTests.csproj", "{C5A6B2AF-F209-441D-A7E4-74159F9F97B0}"
EndProject
Global
	GlobalSection(SolutionConfigurationPlatforms) = preSolution
		Debug|Any CPU = Debug|Any CPU
		Full|Any CPU = Full|Any CPU
		Release|Any CPU = Release|Any CPU
	EndGlobalSection
	GlobalSection(ProjectConfigurationPlatforms) = postSolution
		{2FD35965-5699-4313-A64C-43D4453DB0F5}.Debug|Any CPU.ActiveCfg = Debug|Any CPU
		{2FD35965-5699-4313-A64C-43D4453DB0F5}.Debug|Any CPU.Build.0 = Debug|Any CPU
		{2FD35965-5699-4313-A64C-43D4453DB0F5}.Full|Any CPU.ActiveCfg = Debug|Any CPU
		{2FD35965-5699-4313-A64C-43D4453DB0F5}.Full|Any CPU.Build.0 = Debug|Any CPU
		{2FD35965-5699-4313-A64C-43D4453DB0F5}.Release|Any CPU.ActiveCfg = Release|Any CPU
		{2FD35965-5699-4313-A64C-43D4453DB0F5}.Release|Any CPU.Build.0 = Release|Any CPU
		{DBFCD2EE-E5AA-4C6A-B85F-10AFE0B0B580}.Debug|Any CPU.ActiveCfg = Debug|Any CPU
		{DBFCD2EE-E5AA-4C6A-B85F-10AFE0B0B580}.Debug|Any CPU.Build.0 = Debug|Any CPU
		{DBFCD2EE-E5AA-4C6A-B85F-10AFE0B0B580}.Full|Any CPU.ActiveCfg = Debug|Any CPU
		{DBFCD2EE-E5AA-4C6A-B85F-10AFE0B0B580}.Full|Any CPU.Build.0 = Debug|Any CPU
		{DBFCD2EE-E5AA-4C6A-B85F-10AFE0B0B580}.Release|Any CPU.ActiveCfg = Release|Any CPU
		{DBFCD2EE-E5AA-4C6A-B85F-10AFE0B0B580}.Release|Any CPU.Build.0 = Release|Any CPU
		{BACB36C9-5F00-47A4-934F-7319CEF4D2F2}.Debug|Any CPU.ActiveCfg = Debug|Any CPU
		{BACB36C9-5F00-47A4-934F-7319CEF4D2F2}.Debug|Any CPU.Build.0 = Debug|Any CPU
		{BACB36C9-5F00-47A4-934F-7319CEF4D2F2}.Full|Any CPU.ActiveCfg = Debug|Any CPU
		{BACB36C9-5F00-47A4-934F-7319CEF4D2F2}.Full|Any CPU.Build.0 = Debug|Any CPU
		{BACB36C9-5F00-47A4-934F-7319CEF4D2F2}.Release|Any CPU.ActiveCfg = Release|Any CPU
		{BACB36C9-5F00-47A4-934F-7319CEF4D2F2}.Release|Any CPU.Build.0 = Release|Any CPU
		{0A87A9A5-9D9E-44A7-95EC-02C9FD594BF6}.Debug|Any CPU.ActiveCfg = Debug|Any CPU
		{0A87A9A5-9D9E-44A7-95EC-02C9FD594BF6}.Debug|Any CPU.Build.0 = Debug|Any CPU
		{0A87A9A5-9D9E-44A7-95EC-02C9FD594BF6}.Full|Any CPU.ActiveCfg = Debug|Any CPU
		{0A87A9A5-9D9E-44A7-95EC-02C9FD594BF6}.Full|Any CPU.Build.0 = Debug|Any CPU
		{0A87A9A5-9D9E-44A7-95EC-02C9FD594BF6}.Release|Any CPU.ActiveCfg = Release|Any CPU
		{0A87A9A5-9D9E-44A7-95EC-02C9FD594BF6}.Release|Any CPU.Build.0 = Release|Any CPU
		{2E94544B-C35C-4988-B7CF-E1A1FF2EADF4}.Debug|Any CPU.ActiveCfg = Debug|Any CPU
		{2E94544B-C35C-4988-B7CF-E1A1FF2EADF4}.Debug|Any CPU.Build.0 = Debug|Any CPU
		{2E94544B-C35C-4988-B7CF-E1A1FF2EADF4}.Full|Any CPU.ActiveCfg = Debug|Any CPU
		{2E94544B-C35C-4988-B7CF-E1A1FF2EADF4}.Full|Any CPU.Build.0 = Debug|Any CPU
		{2E94544B-C35C-4988-B7CF-E1A1FF2EADF4}.Release|Any CPU.ActiveCfg = Release|Any CPU
		{2E94544B-C35C-4988-B7CF-E1A1FF2EADF4}.Release|Any CPU.Build.0 = Release|Any CPU
		{C20AEDEC-A256-4AD0-A513-8ACD3139C9C2}.Debug|Any CPU.ActiveCfg = Debug|Any CPU
		{C20AEDEC-A256-4AD0-A513-8ACD3139C9C2}.Debug|Any CPU.Build.0 = Debug|Any CPU
		{C20AEDEC-A256-4AD0-A513-8ACD3139C9C2}.Full|Any CPU.ActiveCfg = Debug|Any CPU
		{C20AEDEC-A256-4AD0-A513-8ACD3139C9C2}.Full|Any CPU.Build.0 = Debug|Any CPU
		{C20AEDEC-A256-4AD0-A513-8ACD3139C9C2}.Release|Any CPU.ActiveCfg = Release|Any CPU
		{C20AEDEC-A256-4AD0-A513-8ACD3139C9C2}.Release|Any CPU.Build.0 = Release|Any CPU
		{A4389E80-8A52-4BA6-A688-A91C523300C6}.Debug|Any CPU.ActiveCfg = Debug|Any CPU
		{A4389E80-8A52-4BA6-A688-A91C523300C6}.Debug|Any CPU.Build.0 = Debug|Any CPU
		{A4389E80-8A52-4BA6-A688-A91C523300C6}.Full|Any CPU.ActiveCfg = Debug|Any CPU
		{A4389E80-8A52-4BA6-A688-A91C523300C6}.Full|Any CPU.Build.0 = Debug|Any CPU
		{A4389E80-8A52-4BA6-A688-A91C523300C6}.Release|Any CPU.ActiveCfg = Release|Any CPU
		{A4389E80-8A52-4BA6-A688-A91C523300C6}.Release|Any CPU.Build.0 = Release|Any CPU
		{5EFD60B0-74FA-4C90-9888-691FFA29940C}.Debug|Any CPU.ActiveCfg = Debug|Any CPU
		{5EFD60B0-74FA-4C90-9888-691FFA29940C}.Debug|Any CPU.Build.0 = Debug|Any CPU
		{5EFD60B0-74FA-4C90-9888-691FFA29940C}.Full|Any CPU.ActiveCfg = Debug|Any CPU
		{5EFD60B0-74FA-4C90-9888-691FFA29940C}.Full|Any CPU.Build.0 = Debug|Any CPU
		{5EFD60B0-74FA-4C90-9888-691FFA29940C}.Release|Any CPU.ActiveCfg = Release|Any CPU
		{5EFD60B0-74FA-4C90-9888-691FFA29940C}.Release|Any CPU.Build.0 = Release|Any CPU
		{C5A6B2AF-F209-441D-A7E4-74159F9F97B0}.Debug|Any CPU.ActiveCfg = Debug|Any CPU
		{C5A6B2AF-F209-441D-A7E4-74159F9F97B0}.Debug|Any CPU.Build.0 = Debug|Any CPU
		{C5A6B2AF-F209-441D-A7E4-74159F9F97B0}.Full|Any CPU.ActiveCfg = Debug|Any CPU
		{C5A6B2AF-F209-441D-A7E4-74159F9F97B0}.Full|Any CPU.Build.0 = Debug|Any CPU
		{C5A6B2AF-F209-441D-A7E4-74159F9F97B0}.Release|Any CPU.ActiveCfg = Release|Any CPU
		{C5A6B2AF-F209-441D-A7E4-74159F9F97B0}.Release|Any CPU.Build.0 = Release|Any CPU
	EndGlobalSection
	GlobalSection(SolutionProperties) = preSolution
		HideSolutionNode = FALSE
	EndGlobalSection
	GlobalSection(NestedProjects) = preSolution
		{2FD35965-5699-4313-A64C-43D4453DB0F5} = {50AF57B9-F3BE-48CC-91D8-4E919C8D045F}
		{DBFCD2EE-E5AA-4C6A-B85F-10AFE0B0B580} = {50AF57B9-F3BE-48CC-91D8-4E919C8D045F}
		{BACB36C9-5F00-47A4-934F-7319CEF4D2F2} = {50AF57B9-F3BE-48CC-91D8-4E919C8D045F}
		{0A87A9A5-9D9E-44A7-95EC-02C9FD594BF6} = {50AF57B9-F3BE-48CC-91D8-4E919C8D045F}
		{2E94544B-C35C-4988-B7CF-E1A1FF2EADF4} = {B7027C3F-ECBB-42CB-928F-F982832F9869}
		{C20AEDEC-A256-4AD0-A513-8ACD3139C9C2} = {50AF57B9-F3BE-48CC-91D8-4E919C8D045F}
		{A4389E80-8A52-4BA6-A688-A91C523300C6} = {EEF1A345-88E8-4E13-AD17-E760BA7DEB6A}
		{5EFD60B0-74FA-4C90-9888-691FFA29940C} = {50AF57B9-F3BE-48CC-91D8-4E919C8D045F}
		{C5A6B2AF-F209-441D-A7E4-74159F9F97B0} = {B7027C3F-ECBB-42CB-928F-F982832F9869}
	EndGlobalSection
	GlobalSection(ExtensibilityGlobals) = postSolution
		SolutionGuid = {C4F712B8-6C5C-4036-87BE-AFF59ACFC99C}
	EndGlobalSection
EndGlobal
